{
    "_readme": [
        "This file locks the dependencies of your project to a known state",
        "Read more about it at https://getcomposer.org/doc/01-basic-usage.md#composer-lock-the-lock-file",
        "This file is @generated automatically"
    ],
    "hash": "8f8b28b220900758015fdd2bd60c6086",
    "content-hash": "5069f0aead98cac792a9f0563bb9866b",
    "packages": [],
    "packages-dev": [],
    "aliases": [],
    "minimum-stability": "stable",
    "stability-flags": [],
    "prefer-stable": false,
    "prefer-lowest": false,
    "platform": {
        "ext-curl": "*"
    },
    "platform-dev": [],
    "platform-overrides": {
        "php": "5.4"
    }
}
